{
    "hash": "0d747f9732ab48c1a0941e51095a8e45",
    "packages": [
        {
            "package": "symfony/class-loader",
            "version": "v2.1.1"
        },
        {
            "package": "symfony/http-foundation",
            "version": "v2.1.1"
        },
        {
            "package": "symfony/routing",
            "version": "v2.1.1"
        }
    ],
    "packages-dev": null,
    "aliases": [

    ],
    "minimum-stability": "stable",
    "stability-flags": [

    ]
}
